
Microsoft Visual Studio Solution File, Format Version 12.00
# Visual Studio 14
VisualStudioVersion = 14.0.25420.1
MinimumVisualStudioVersion = 10.0.40219.1
Project("{FAE04EC0-301F-11D3-BF4B-00C04F79EFBC}") = "TeduShop.Common", "TeduShop.Common\TeduShop.Common.csproj", "{EAA117D2-2087-476B-92FD-5AFA7BF615CA}"
EndProject
Project("{FAE04EC0-301F-11D3-BF4B-00C04F79EFBC}") = "TeduShop.Model", "TeduShop.Model\TeduShop.Model.csproj", "{C95C52FC-D533-475F-9C35-C7B9D31D104C}"
EndProject
Project("{FAE04EC0-301F-11D3-BF4B-00C04F79EFBC}") = "Tedushop.Data", "Tedushop.Data\Tedushop.Data.csproj", "{3F0F80D2-AF88-4D88-8F8F-DABCEB84BAD9}"
EndProject
Project("{FAE04EC0-301F-11D3-BF4B-00C04F79EFBC}") = "TeduShop.Service", "TeduShop.Service\TeduShop.Service.csproj", "{10B02EA2-EB57-46B6-B3F1-A19CA84E20D0}"
EndProject
Project("{FAE04EC0-301F-11D3-BF4B-00C04F79EFBC}") = "TeduShop.Test", "TeduShop.Test\TeduShop.Test.csproj", "{3329421A-264C-4348-B0B2-812CCD379C37}"
EndProject
Project("{FAE04EC0-301F-11D3-BF4B-00C04F79EFBC}") = "TeduShop.Web", "TeduShop.Web\TeduShop.Web.csproj", "{3C33E28E-DBFD-488C-BF61-3C0CDF358495}"
EndProject
Global
	GlobalSection(SolutionConfigurationPlatforms) = preSolution
		Debug|Any CPU = Debug|Any CPU
		Release|Any CPU = Release|Any CPU
	EndGlobalSection
	GlobalSection(ProjectConfigurationPlatforms) = postSolution
		{EAA117D2-2087-476B-92FD-5AFA7BF615CA}.Debug|Any CPU.ActiveCfg = Debug|Any CPU
		{EAA117D2-2087-476B-92FD-5AFA7BF615CA}.Debug|Any CPU.Build.0 = Debug|Any CPU
		{EAA117D2-2087-476B-92FD-5AFA7BF615CA}.Release|Any CPU.ActiveCfg = Release|Any CPU
		{EAA117D2-2087-476B-92FD-5AFA7BF615CA}.Release|Any CPU.Build.0 = Release|Any CPU
		{C95C52FC-D533-475F-9C35-C7B9D31D104C}.Debug|Any CPU.ActiveCfg = Debug|Any CPU
		{C95C52FC-D533-475F-9C35-C7B9D31D104C}.Debug|Any CPU.Build.0 = Debug|Any CPU
		{C95C52FC-D533-475F-9C35-C7B9D31D104C}.Release|Any CPU.ActiveCfg = Release|Any CPU
		{C95C52FC-D533-475F-9C35-C7B9D31D104C}.Release|Any CPU.Build.0 = Release|Any CPU
		{3F0F80D2-AF88-4D88-8F8F-DABCEB84BAD9}.Debug|Any CPU.ActiveCfg = Debug|Any CPU
		{3F0F80D2-AF88-4D88-8F8F-DABCEB84BAD9}.Debug|Any CPU.Build.0 = Debug|Any CPU
		{3F0F80D2-AF88-4D88-8F8F-DABCEB84BAD9}.Release|Any CPU.ActiveCfg = Release|Any CPU
		{3F0F80D2-AF88-4D88-8F8F-DABCEB84BAD9}.Release|Any CPU.Build.0 = Release|Any CPU
		{10B02EA2-EB57-46B6-B3F1-A19CA84E20D0}.Debug|Any CPU.ActiveCfg = Debug|Any CPU
		{10B02EA2-EB57-46B6-B3F1-A19CA84E20D0}.Debug|Any CPU.Build.0 = Debug|Any CPU
		{10B02EA2-EB57-46B6-B3F1-A19CA84E20D0}.Release|Any CPU.ActiveCfg = Release|Any CPU
		{10B02EA2-EB57-46B6-B3F1-A19CA84E20D0}.Release|Any CPU.Build.0 = Release|Any CPU
		{3329421A-264C-4348-B0B2-812CCD379C37}.Debug|Any CPU.ActiveCfg = Debug|Any CPU
		{3329421A-264C-4348-B0B2-812CCD379C37}.Debug|Any CPU.Build.0 = Debug|Any CPU
		{3329421A-264C-4348-B0B2-812CCD379C37}.Release|Any CPU.ActiveCfg = Release|Any CPU
		{3329421A-264C-4348-B0B2-812CCD379C37}.Release|Any CPU.Build.0 = Release|Any CPU
		{3C33E28E-DBFD-488C-BF61-3C0CDF358495}.Debug|Any CPU.ActiveCfg = Debug|Any CPU
		{3C33E28E-DBFD-488C-BF61-3C0CDF358495}.Debug|Any CPU.Build.0 = Debug|Any CPU
		{3C33E28E-DBFD-488C-BF61-3C0CDF358495}.Release|Any CPU.ActiveCfg = Release|Any CPU
		{3C33E28E-DBFD-488C-BF61-3C0CDF358495}.Release|Any CPU.Build.0 = Release|Any CPU
	EndGlobalSection
	GlobalSection(SolutionProperties) = preSolution
		HideSolutionNode = FALSE
	EndGlobalSection
EndGlobal
